Microsoft Visual Studio Solution File, Format Version 10.00
# Visual Studio 2008
Project("{FAE04EC0-301F-11D3-BF4B-00C04F79EFBC}") = "Example", "Example\Example.csproj", "{5E4A7545-0000-0000-0000-000000000000}"
EndProject
Project("{FAE04EC0-301F-11D3-BF4B-00C04F79EFBC}") = "Irrlicht.Extensions", "Irrlicht.Extensions\Irrlicht.Extensions.csproj", "{39116B8E-0000-0000-0000-000000000000}"
EndProject
Project("{FAE04EC0-301F-11D3-BF4B-00C04F79EFBC}") = "Irrlicht.NET", "Irrlicht.NET\Irrlicht.NET.csproj", "{1C74F93E-0000-0000-0000-000000000000}"
EndProject
Project("{FAE04EC0-301F-11D3-BF4B-00C04F79EFBC}") = "ShadersAndParticles", "ShadersAndParticles\ShadersAndParticles.csproj", "{1E16D351-0000-0000-0000-000000000000}"
EndProject
Project("{FAE04EC0-301F-11D3-BF4B-00C04F79EFBC}") = "Tutorial01_Sample", "Tutorial01_Sample\Tutorial01_Sample.csproj", "{463E8949-0000-0000-0000-000000000000}"
EndProject
Project("{FAE04EC0-301F-11D3-BF4B-00C04F79EFBC}") = "Tutorial02_Quake3Map", "Tutorial02_Quake3Map\Tutorial02_Quake3Map.csproj", "{D40872CB-0000-0000-0000-000000000000}"
EndProject
Project("{FAE04EC0-301F-11D3-BF4B-00C04F79EFBC}") = "Tutorial03_CustomSceneNode", "Tutorial03_CustomSceneNode\Tutorial03_CustomSceneNode.csproj", "{BDE2DB7C-0000-0000-0000-000000000000}"
EndProject
Project("{FAE04EC0-301F-11D3-BF4B-00C04F79EFBC}") = "Tutorial04_Movement", "Tutorial04_Movement\Tutorial04_Movement.csproj", "{13D1D957-0000-0000-0000-000000000000}"
EndProject
Project("{FAE04EC0-301F-11D3-BF4B-00C04F79EFBC}") = "Tutorial05_GUIExample", "Tutorial05_GUIExample\Tutorial05_GUIExample.csproj", "{5D7CC337-0000-0000-0000-000000000000}"
EndProject
Project("{FAE04EC0-301F-11D3-BF4B-00C04F79EFBC}") = "Tutorial06_T2DGraphics", "Tutorial06_T2DGraphics\Tutorial06_T2DGraphics.csproj", "{CCE1235F-0000-0000-0000-000000000000}"
EndProject
Project("{FAE04EC0-301F-11D3-BF4B-00C04F79EFBC}") = "Tutorial07_Collision", "Tutorial07_Collision\Tutorial07_Collision.csproj", "{B6BF1303-0000-0000-0000-000000000000}"
EndProject
Project("{FAE04EC0-301F-11D3-BF4B-00C04F79EFBC}") = "Tutorial08_SpecialFX", "Tutorial08_SpecialFX\Tutorial08_SpecialFX.csproj", "{D2718C56-0000-0000-0000-000000000000}"
EndProject
Project("{FAE04EC0-301F-11D3-BF4B-00C04F79EFBC}") = "Tutorial09_Meshviewer", "Tutorial09_Meshviewer\Tutorial09_Meshviewer.csproj", "{AB2CBE7D-0000-0000-0000-000000000000}"
EndProject
Project("{FAE04EC0-301F-11D3-BF4B-00C04F79EFBC}") = "Tutorial10_Shaders", "Tutorial10_Shaders\Tutorial10_Shaders.csproj", "{B09A7220-0000-0000-0000-000000000000}"
EndProject
Project("{FAE04EC0-301F-11D3-BF4B-00C04F79EFBC}") = "Tutorial11_PerPixelLighting", "Tutorial11_PerPixelLighting\Tutorial11_PerPixelLighting.csproj", "{50579852-0000-0000-0000-000000000000}"
EndProject
Project("{FAE04EC0-301F-11D3-BF4B-00C04F79EFBC}") = "Tutorial12_TerrainExample", "Tutorial12_TerrainExample\Tutorial12_TerrainExample.csproj", "{30C4439E-0000-0000-0000-000000000000}"
EndProject
Project("{FAE04EC0-301F-11D3-BF4B-00C04F79EFBC}") = "Tutorial13_RenderToTexture", "Tutorial13_RenderToTexture\Tutorial13_RenderToTexture.csproj", "{5B2BD81F-0000-0000-0000-000000000000}"
EndProject
Project("{FAE04EC0-301F-11D3-BF4B-00C04F79EFBC}") = "Tutorial14_InsideWindowsForm", "Tutorial14_InsideWindowsForm\Tutorial14_InsideWindowsForm.csproj", "{33D5EF43-0000-0000-0000-000000000000}"
EndProject
Project("{FAE04EC0-301F-11D3-BF4B-00C04F79EFBC}") = "Tutorial15_LoadingIrrFile", "Tutorial15_LoadingIrrFile\Tutorial15_LoadingIrrFile.csproj", "{101275D5-0000-0000-0000-000000000000}"
EndProject
Project("{FAE04EC0-301F-11D3-BF4B-00C04F79EFBC}") = "Tutorial20_SplitScreen", "Tutorial20_SplitScreen\Tutorial20_SplitScreen.csproj", "{D40DF843-0000-0000-0000-000000000000}"
EndProject
Global
	GlobalSection(SolutionConfigurationPlatforms) = preSolution
		Debug|Any CPU = Debug|Any CPU
		Release|Any CPU = Release|Any CPU
	EndGlobalSection
	GlobalSection(ProjectConfigurationPlatforms) = postSolution
		{5E4A7545-0000-0000-0000-000000000000}.Debug|Any CPU.ActiveCfg = Debug|Any CPU
		{5E4A7545-0000-0000-0000-000000000000}.Debug|Any CPU.Build.0 = Debug|Any CPU
		{5E4A7545-0000-0000-0000-000000000000}.Release|Any CPU.ActiveCfg = Release|Any CPU
		{5E4A7545-0000-0000-0000-000000000000}.Release|Any CPU.Build.0 = Release|Any CPU
		{39116B8E-0000-0000-0000-000000000000}.Debug|Any CPU.ActiveCfg = Debug|Any CPU
		{39116B8E-0000-0000-0000-000000000000}.Debug|Any CPU.Build.0 = Debug|Any CPU
		{39116B8E-0000-0000-0000-000000000000}.Release|Any CPU.ActiveCfg = Release|Any CPU
		{39116B8E-0000-0000-0000-000000000000}.Release|Any CPU.Build.0 = Release|Any CPU
		{1C74F93E-0000-0000-0000-000000000000}.Debug|Any CPU.ActiveCfg = Debug|Any CPU
		{1C74F93E-0000-0000-0000-000000000000}.Debug|Any CPU.Build.0 = Debug|Any CPU
		{1C74F93E-0000-0000-0000-000000000000}.Release|Any CPU.ActiveCfg = Release|Any CPU
		{1C74F93E-0000-0000-0000-000000000000}.Release|Any CPU.Build.0 = Release|Any CPU
		{1E16D351-0000-0000-0000-000000000000}.Debug|Any CPU.ActiveCfg = Debug|Any CPU
		{1E16D351-0000-0000-0000-000000000000}.Debug|Any CPU.Build.0 = Debug|Any CPU
		{1E16D351-0000-0000-0000-000000000000}.Release|Any CPU.ActiveCfg = Release|Any CPU
		{1E16D351-0000-0000-0000-000000000000}.Release|Any CPU.Build.0 = Release|Any CPU
		{463E8949-0000-0000-0000-000000000000}.Debug|Any CPU.ActiveCfg = Debug|Any CPU
		{463E8949-0000-0000-0000-000000000000}.Debug|Any CPU.Build.0 = Debug|Any CPU
		{463E8949-0000-0000-0000-000000000000}.Release|Any CPU.ActiveCfg = Release|Any CPU
		{463E8949-0000-0000-0000-000000000000}.Release|Any CPU.Build.0 = Release|Any CPU
		{D40872CB-0000-0000-0000-000000000000}.Debug|Any CPU.ActiveCfg = Debug|Any CPU
		{D40872CB-0000-0000-0000-000000000000}.Debug|Any CPU.Build.0 = Debug|Any CPU
		{D40872CB-0000-0000-0000-000000000000}.Release|Any CPU.ActiveCfg = Release|Any CPU
		{D40872CB-0000-0000-0000-000000000000}.Release|Any CPU.Build.0 = Release|Any CPU
		{BDE2DB7C-0000-0000-0000-000000000000}.Debug|Any CPU.ActiveCfg = Debug|Any CPU
		{BDE2DB7C-0000-0000-0000-000000000000}.Debug|Any CPU.Build.0 = Debug|Any CPU
		{BDE2DB7C-0000-0000-0000-000000000000}.Release|Any CPU.ActiveCfg = Release|Any CPU
		{BDE2DB7C-0000-0000-0000-000000000000}.Release|Any CPU.Build.0 = Release|Any CPU
		{13D1D957-0000-0000-0000-000000000000}.Debug|Any CPU.ActiveCfg = Debug|Any CPU
		{13D1D957-0000-0000-0000-000000000000}.Debug|Any CPU.Build.0 = Debug|Any CPU
		{13D1D957-0000-0000-0000-000000000000}.Release|Any CPU.ActiveCfg = Release|Any CPU
		{13D1D957-0000-0000-0000-000000000000}.Release|Any CPU.Build.0 = Release|Any CPU
		{5D7CC337-0000-0000-0000-000000000000}.Debug|Any CPU.ActiveCfg = Debug|Any CPU
		{5D7CC337-0000-0000-0000-000000000000}.Debug|Any CPU.Build.0 = Debug|Any CPU
		{5D7CC337-0000-0000-0000-000000000000}.Release|Any CPU.ActiveCfg = Release|Any CPU
		{5D7CC337-0000-0000-0000-000000000000}.Release|Any CPU.Build.0 = Release|Any CPU
		{CCE1235F-0000-0000-0000-000000000000}.Debug|Any CPU.ActiveCfg = Debug|Any CPU
		{CCE1235F-0000-0000-0000-000000000000}.Debug|Any CPU.Build.0 = Debug|Any CPU
		{CCE1235F-0000-0000-0000-000000000000}.Release|Any CPU.ActiveCfg = Release|Any CPU
		{CCE1235F-0000-0000-0000-000000000000}.Release|Any CPU.Build.0 = Release|Any CPU
		{B6BF1303-0000-0000-0000-000000000000}.Debug|Any CPU.ActiveCfg = Debug|Any CPU
		{B6BF1303-0000-0000-0000-000000000000}.Debug|Any CPU.Build.0 = Debug|Any CPU
		{B6BF1303-0000-0000-0000-000000000000}.Release|Any CPU.ActiveCfg = Release|Any CPU
		{B6BF1303-0000-0000-0000-000000000000}.Release|Any CPU.Build.0 = Release|Any CPU
		{D2718C56-0000-0000-0000-000000000000}.Debug|Any CPU.ActiveCfg = Debug|Any CPU
		{D2718C56-0000-0000-0000-000000000000}.Debug|Any CPU.Build.0 = Debug|Any CPU
		{D2718C56-0000-0000-0000-000000000000}.Release|Any CPU.ActiveCfg = Release|Any CPU
		{D2718C56-0000-0000-0000-000000000000}.Release|Any CPU.Build.0 = Release|Any CPU
		{AB2CBE7D-0000-0000-0000-000000000000}.Debug|Any CPU.ActiveCfg = Debug|Any CPU
		{AB2CBE7D-0000-0000-0000-000000000000}.Debug|Any CPU.Build.0 = Debug|Any CPU
		{AB2CBE7D-0000-0000-0000-000000000000}.Release|Any CPU.ActiveCfg = Release|Any CPU
		{AB2CBE7D-0000-0000-0000-000000000000}.Release|Any CPU.Build.0 = Release|Any CPU
		{B09A7220-0000-0000-0000-000000000000}.Debug|Any CPU.ActiveCfg = Debug|Any CPU
		{B09A7220-0000-0000-0000-000000000000}.Debug|Any CPU.Build.0 = Debug|Any CPU
		{B09A7220-0000-0000-0000-000000000000}.Release|Any CPU.ActiveCfg = Release|Any CPU
		{B09A7220-0000-0000-0000-000000000000}.Release|Any CPU.Build.0 = Release|Any CPU
		{50579852-0000-0000-0000-000000000000}.Debug|Any CPU.ActiveCfg = Debug|Any CPU
		{50579852-0000-0000-0000-000000000000}.Debug|Any CPU.Build.0 = Debug|Any CPU
		{50579852-0000-0000-0000-000000000000}.Release|Any CPU.ActiveCfg = Release|Any CPU
		{50579852-0000-0000-0000-000000000000}.Release|Any CPU.Build.0 = Release|Any CPU
		{30C4439E-0000-0000-0000-000000000000}.Debug|Any CPU.ActiveCfg = Debug|Any CPU
		{30C4439E-0000-0000-0000-000000000000}.Debug|Any CPU.Build.0 = Debug|Any CPU
		{30C4439E-0000-0000-0000-000000000000}.Release|Any CPU.ActiveCfg = Release|Any CPU
		{30C4439E-0000-0000-0000-000000000000}.Release|Any CPU.Build.0 = Release|Any CPU
		{5B2BD81F-0000-0000-0000-000000000000}.Debug|Any CPU.ActiveCfg = Debug|Any CPU
		{5B2BD81F-0000-0000-0000-000000000000}.Debug|Any CPU.Build.0 = Debug|Any CPU
		{5B2BD81F-0000-0000-0000-000000000000}.Release|Any CPU.ActiveCfg = Release|Any CPU
		{5B2BD81F-0000-0000-0000-000000000000}.Release|Any CPU.Build.0 = Release|Any CPU
		{33D5EF43-0000-0000-0000-000000000000}.Debug|Any CPU.ActiveCfg = Debug|Any CPU
		{33D5EF43-0000-0000-0000-000000000000}.Debug|Any CPU.Build.0 = Debug|Any CPU
		{33D5EF43-0000-0000-0000-000000000000}.Release|Any CPU.ActiveCfg = Release|Any CPU
		{33D5EF43-0000-0000-0000-000000000000}.Release|Any CPU.Build.0 = Release|Any CPU
		{101275D5-0000-0000-0000-000000000000}.Debug|Any CPU.ActiveCfg = Debug|Any CPU
		{101275D5-0000-0000-0000-000000000000}.Debug|Any CPU.Build.0 = Debug|Any CPU
		{101275D5-0000-0000-0000-000000000000}.Release|Any CPU.ActiveCfg = Release|Any CPU
		{101275D5-0000-0000-0000-000000000000}.Release|Any CPU.Build.0 = Release|Any CPU
		{D40DF843-0000-0000-0000-000000000000}.Debug|Any CPU.ActiveCfg = Debug|Any CPU
		{D40DF843-0000-0000-0000-000000000000}.Debug|Any CPU.Build.0 = Debug|Any CPU
		{D40DF843-0000-0000-0000-000000000000}.Release|Any CPU.ActiveCfg = Release|Any CPU
		{D40DF843-0000-0000-0000-000000000000}.Release|Any CPU.Build.0 = Release|Any CPU
	EndGlobalSection
	GlobalSection(SolutionProperties) = preSolution
		HideSolutionNode = FALSE
	EndGlobalSection
EndGlobal
